// !$*UTF8*$!
{
	archiveVersion = 1;
	classes = {
	};
	objectVersion = 56;
	objects = {

/* Begin PBXBuildFile section */
		611594C329953C5B00E9E557 /* Ring.swift in Sources */ = {isa = PBXBuildFile; fileRef = 611594C229953C5B00E9E557 /* Ring.swift */; };
		611594C629953E8E00E9E557 /* Infinity.swift in Sources */ = {isa = PBXBuildFile; fileRef = 611594C529953E8E00E9E557 /* Infinity.swift */; };
		61189B6F29981E8100623605 /* LoadingView.swift in Sources */ = {isa = PBXBuildFile; fileRef = 61189B6E29981E8100623605 /* LoadingView.swift */; };
		6119F6622993DAE000DAC60F /* Star.swift in Sources */ = {isa = PBXBuildFile; fileRef = 6119F6612993DAE000DAC60F /* Star.swift */; };
		611E3498299A55E1005994E6 /* CompassNeedle.swift in Sources */ = {isa = PBXBuildFile; fileRef = 611E3497299A55E1005994E6 /* CompassNeedle.swift */; };
		611E349C299A5BBB005994E6 /* SafariCompass.swift in Sources */ = {isa = PBXBuildFile; fileRef = 611E349B299A5BBB005994E6 /* SafariCompass.swift */; };
		611E349E299A5FEA005994E6 /* FetchingView.swift in Sources */ = {isa = PBXBuildFile; fileRef = 611E349D299A5FEA005994E6 /* FetchingView.swift */; };
		6128A6E92995008B003ED4FD /* Decagram.swift in Sources */ = {isa = PBXBuildFile; fileRef = 6128A6E82995008B003ED4FD /* Decagram.swift */; };
		6128A6EB2995021F003ED4FD /* Dodecagram.swift in Sources */ = {isa = PBXBuildFile; fileRef = 6128A6EA2995021F003ED4FD /* Dodecagram.swift */; };
		612C09492990F66700247E0F /* Pentagon.swift in Sources */ = {isa = PBXBuildFile; fileRef = 612C09482990F66700247E0F /* Pentagon.swift */; };
		612C094D299117B900247E0F /* HexagonParameters.swift in Sources */ = {isa = PBXBuildFile; fileRef = 612C094C299117B900247E0F /* HexagonParameters.swift */; };
		612C094F29911B4500247E0F /* BadgeBackground.swift in Sources */ = {isa = PBXBuildFile; fileRef = 612C094E29911B4500247E0F /* BadgeBackground.swift */; };
		613E0DE329953310005F77F3 /* SettingsGear.swift in Sources */ = {isa = PBXBuildFile; fileRef = 613E0DE229953310005F77F3 /* SettingsGear.swift */; };
		617017852991A3C200A1299E /* Hexagon.swift in Sources */ = {isa = PBXBuildFile; fileRef = 617017842991A3C200A1299E /* Hexagon.swift */; };
		6191A14329943C3900AC9AA2 /* Schwastika.swift in Sources */ = {isa = PBXBuildFile; fileRef = 6191A14229943C3900AC9AA2 /* Schwastika.swift */; };
		6191A1452994431100AC9AA2 /* Octagram.swift in Sources */ = {isa = PBXBuildFile; fileRef = 6191A1442994431100AC9AA2 /* Octagram.swift */; };
		61A35DC7299A1B6800AEDEEB /* Dials.swift in Sources */ = {isa = PBXBuildFile; fileRef = 61A35DC6299A1B6800AEDEEB /* Dials.swift */; };
		61ACD1DE2986C83B00F9FFB9 /* ShapesApp.swift in Sources */ = {isa = PBXBuildFile; fileRef = 61ACD1DD2986C83B00F9FFB9 /* ShapesApp.swift */; };
		61ACD1E22986C83C00F9FFB9 /* Assets.xcassets in Resources */ = {isa = PBXBuildFile; fileRef = 61ACD1E12986C83C00F9FFB9 /* Assets.xcassets */; };
		61ACD1E62986C83C00F9FFB9 /* Preview Assets.xcassets in Resources */ = {isa = PBXBuildFile; fileRef = 61ACD1E52986C83C00F9FFB9 /* Preview Assets.xcassets */; };
		61ACD1ED2986C86700F9FFB9 /* Trapezoid.swift in Sources */ = {isa = PBXBuildFile; fileRef = 61ACD1EC2986C86700F9FFB9 /* Trapezoid.swift */; };
		61ACD1EF2986C8A000F9FFB9 /* ContentView.swift in Sources */ = {isa = PBXBuildFile; fileRef = 61ACD1EE2986C8A000F9FFB9 /* ContentView.swift */; };
		61AFFB5B2996CFAB002A5A28 /* Gear.swift in Sources */ = {isa = PBXBuildFile; fileRef = 61AFFB5A2996CFAB002A5A28 /* Gear.swift */; };
		61B01657299157B000CB820E /* BadgeSymbol.swift in Sources */ = {isa = PBXBuildFile; fileRef = 61B01656299157B000CB820E /* BadgeSymbol.swift */; };
		61B0165929915D1700CB820E /* RotatedBadgeSymbol.swift in Sources */ = {isa = PBXBuildFile; fileRef = 61B0165829915D1700CB820E /* RotatedBadgeSymbol.swift */; };
		61B0165B29915E5800CB820E /* Badge.swift in Sources */ = {isa = PBXBuildFile; fileRef = 61B0165A29915E5800CB820E /* Badge.swift */; };
		61DE5DBC2993F35500CE1833 /* Pentagram.swift in Sources */ = {isa = PBXBuildFile; fileRef = 61DE5DBB2993F35500CE1833 /* Pentagram.swift */; };
		61DE5DBF2994123B00CE1833 /* Hexagram.swift in Sources */ = {isa = PBXBuildFile; fileRef = 61DE5DBE2994123B00CE1833 /* Hexagram.swift */; };
		61DE5DC129941B9800CE1833 /* Triangle.swift in Sources */ = {isa = PBXBuildFile; fileRef = 61DE5DC029941B9800CE1833 /* Triangle.swift */; };
		61DE5DC329942E1900CE1833 /* EquilateralTriangle.swift in Sources */ = {isa = PBXBuildFile; fileRef = 61DE5DC229942E1900CE1833 /* EquilateralTriangle.swift */; };
		61DFD72C29918FDB0030971F /* Octagon.swift in Sources */ = {isa = PBXBuildFile; fileRef = 61DFD72B29918FDB0030971F /* Octagon.swift */; };
		61F81ED32997A4220048A903 /* GearPillar.swift in Sources */ = {isa = PBXBuildFile; fileRef = 61F81ED22997A4220048A903 /* GearPillar.swift */; };
		61F9F861299013E100179EE1 /* Blobs.swift in Sources */ = {isa = PBXBuildFile; fileRef = 61F9F860299013E100179EE1 /* Blobs.swift */; };
		61FF285229903C3B000B291C /* UtilityExtensions.swift in Sources */ = {isa = PBXBuildFile; fileRef = 61FF285129903C3B000B291C /* UtilityExtensions.swift */; };
		61FF285429903E21000B291C /* Diamond.swift in Sources */ = {isa = PBXBuildFile; fileRef = 61FF285329903E21000B291C /* Diamond.swift */; };
		61FF2856299042B3000B291C /* Heart.swift in Sources */ = {isa = PBXBuildFile; fileRef = 61FF2855299042B3000B291C /* Heart.swift */; };
		61FF285829904509000B291C /* Spade.swift in Sources */ = {isa = PBXBuildFile; fileRef = 61FF285729904509000B291C /* Spade.swift */; };
		61FF285A29904673000B291C /* Club.swift in Sources */ = {isa = PBXBuildFile; fileRef = 61FF285929904673000B291C /* Club.swift */; };
/* End PBXBuildFile section */

/* Begin PBXFileReference section */
		611594C229953C5B00E9E557 /* Ring.swift */ = {isa = PBXFileReference; lastKnownFileType = sourcecode.swift; path = Ring.swift; sourceTree = "<group>"; };
		611594C529953E8E00E9E557 /* Infinity.swift */ = {isa = PBXFileReference; lastKnownFileType = sourcecode.swift; path = Infinity.swift; sourceTree = "<group>"; };
		61189B6E29981E8100623605 /* LoadingView.swift */ = {isa = PBXFileReference; lastKnownFileType = sourcecode.swift; path = LoadingView.swift; sourceTree = "<group>"; };
		6119F6612993DAE000DAC60F /* Star.swift */ = {isa = PBXFileReference; lastKnownFileType = sourcecode.swift; path = Star.swift; sourceTree = "<group>"; };
		611E3497299A55E1005994E6 /* CompassNeedle.swift */ = {isa = PBXFileReference; lastKnownFileType = sourcecode.swift; path = CompassNeedle.swift; sourceTree = "<group>"; };
		611E349B299A5BBB005994E6 /* SafariCompass.swift */ = {isa = PBXFileReference; lastKnownFileType = sourcecode.swift; path = SafariCompass.swift; sourceTree = "<group>"; };
		611E349D299A5FEA005994E6 /* FetchingView.swift */ = {isa = PBXFileReference; lastKnownFileType = sourcecode.swift; path = FetchingView.swift; sourceTree = "<group>"; };
		6128A6E82995008B003ED4FD /* Decagram.swift */ = {isa = PBXFileReference; lastKnownFileType = sourcecode.swift; path = Decagram.swift; sourceTree = "<group>"; };
		6128A6EA2995021F003ED4FD /* Dodecagram.swift */ = {isa = PBXFileReference; lastKnownFileType = sourcecode.swift; path = Dodecagram.swift; sourceTree = "<group>"; };
		612C09482990F66700247E0F /* Pentagon.swift */ = {isa = PBXFileReference; lastKnownFileType = sourcecode.swift; path = Pentagon.swift; sourceTree = "<group>"; };
		612C094C299117B900247E0F /* HexagonParameters.swift */ = {isa = PBXFileReference; lastKnownFileType = sourcecode.swift; path = HexagonParameters.swift; sourceTree = "<group>"; };
		612C094E29911B4500247E0F /* BadgeBackground.swift */ = {isa = PBXFileReference; lastKnownFileType = sourcecode.swift; path = BadgeBackground.swift; sourceTree = "<group>"; };
		613E0DE229953310005F77F3 /* SettingsGear.swift */ = {isa = PBXFileReference; lastKnownFileType = sourcecode.swift; path = SettingsGear.swift; sourceTree = "<group>"; };
		617017842991A3C200A1299E /* Hexagon.swift */ = {isa = PBXFileReference; lastKnownFileType = sourcecode.swift; path = Hexagon.swift; sourceTree = "<group>"; };
		6191A14229943C3900AC9AA2 /* Schwastika.swift */ = {isa = PBXFileReference; lastKnownFileType = sourcecode.swift; path = Schwastika.swift; sourceTree = "<group>"; };
		6191A1442994431100AC9AA2 /* Octagram.swift */ = {isa = PBXFileReference; lastKnownFileType = sourcecode.swift; path = Octagram.swift; sourceTree = "<group>"; };
		61A35DC6299A1B6800AEDEEB /* Dials.swift */ = {isa = PBXFileReference; lastKnownFileType = sourcecode.swift; path = Dials.swift; sourceTree = "<group>"; };
		61ACD1DA2986C83B00F9FFB9 /* Shapes.app */ = {isa = PBXFileReference; explicitFileType = wrapper.application; includeInIndex = 0; path = Shapes.app; sourceTree = BUILT_PRODUCTS_DIR; };
		61ACD1DD2986C83B00F9FFB9 /* ShapesApp.swift */ = {isa = PBXFileReference; lastKnownFileType = sourcecode.swift; path = ShapesApp.swift; sourceTree = "<group>"; };
		61ACD1E12986C83C00F9FFB9 /* Assets.xcassets */ = {isa = PBXFileReference; lastKnownFileType = folder.assetcatalog; path = Assets.xcassets; sourceTree = "<group>"; };
		61ACD1E32986C83C00F9FFB9 /* Shapes.entitlements */ = {isa = PBXFileReference; lastKnownFileType = text.plist.entitlements; path = Shapes.entitlements; sourceTree = "<group>"; };
		61ACD1E52986C83C00F9FFB9 /* Preview Assets.xcassets */ = {isa = PBXFileReference; lastKnownFileType = folder.assetcatalog; path = "Preview Assets.xcassets"; sourceTree = "<group>"; };
		61ACD1EC2986C86700F9FFB9 /* Trapezoid.swift */ = {isa = PBXFileReference; lastKnownFileType = sourcecode.swift; path = Trapezoid.swift; sourceTree = "<group>"; };
		61ACD1EE2986C8A000F9FFB9 /* ContentView.swift */ = {isa = PBXFileReference; lastKnownFileType = sourcecode.swift; path = ContentView.swift; sourceTree = "<group>"; };
		61AFFB5A2996CFAB002A5A28 /* Gear.swift */ = {isa = PBXFileReference; lastKnownFileType = sourcecode.swift; path = Gear.swift; sourceTree = "<group>"; };
		61B01656299157B000CB820E /* BadgeSymbol.swift */ = {isa = PBXFileReference; lastKnownFileType = sourcecode.swift; path = BadgeSymbol.swift; sourceTree = "<group>"; };
		61B0165829915D1700CB820E /* RotatedBadgeSymbol.swift */ = {isa = PBXFileReference; lastKnownFileType = sourcecode.swift; path = RotatedBadgeSymbol.swift; sourceTree = "<group>"; };
		61B0165A29915E5800CB820E /* Badge.swift */ = {isa = PBXFileReference; lastKnownFileType = sourcecode.swift; path = Badge.swift; sourceTree = "<group>"; };
		61DE5DBB2993F35500CE1833 /* Pentagram.swift */ = {isa = PBXFileReference; lastKnownFileType = sourcecode.swift; path = Pentagram.swift; sourceTree = "<group>"; };
		61DE5DBE2994123B00CE1833 /* Hexagram.swift */ = {isa = PBXFileReference; lastKnownFileType = sourcecode.swift; path = Hexagram.swift; sourceTree = "<group>"; };
		61DE5DC029941B9800CE1833 /* Triangle.swift */ = {isa = PBXFileReference; lastKnownFileType = sourcecode.swift; path = Triangle.swift; sourceTree = "<group>"; };
		61DE5DC229942E1900CE1833 /* EquilateralTriangle.swift */ = {isa = PBXFileReference; lastKnownFileType = sourcecode.swift; path = EquilateralTriangle.swift; sourceTree = "<group>"; };
		61DFD72B29918FDB0030971F /* Octagon.swift */ = {isa = PBXFileReference; lastKnownFileType = sourcecode.swift; path = Octagon.swift; sourceTree = "<group>"; };
		61F81ED22997A4220048A903 /* GearPillar.swift */ = {isa = PBXFileReference; lastKnownFileType = sourcecode.swift; path = GearPillar.swift; sourceTree = "<group>"; };
		61F9F860299013E100179EE1 /* Blobs.swift */ = {isa = PBXFileReference; lastKnownFileType = sourcecode.swift; path = Blobs.swift; sourceTree = "<group>"; };
		61FF285129903C3B000B291C /* UtilityExtensions.swift */ = {isa = PBXFileReference; lastKnownFileType = sourcecode.swift; path = UtilityExtensions.swift; sourceTree = "<group>"; };
		61FF285329903E21000B291C /* Diamond.swift */ = {isa = PBXFileReference; lastKnownFileType = sourcecode.swift; path = Diamond.swift; sourceTree = "<group>"; };
		61FF2855299042B3000B291C /* Heart.swift */ = {isa = PBXFileReference; lastKnownFileType = sourcecode.swift; path = Heart.swift; sourceTree = "<group>"; };
		61FF285729904509000B291C /* Spade.swift */ = {isa = PBXFileReference; lastKnownFileType = sourcecode.swift; path = Spade.swift; sourceTree = "<group>"; };
		61FF285929904673000B291C /* Club.swift */ = {isa = PBXFileReference; lastKnownFileType = sourcecode.swift; path = Club.swift; sourceTree = "<group>"; };
/* End PBXFileReference section */

/* Begin PBXFrameworksBuildPhase section */
		61ACD1D72986C83B00F9FFB9 /* Frameworks */ = {
			isa = PBXFrameworksBuildPhase;
			buildActionMask = 2147483647;
			files = (
			);
			runOnlyForDeploymentPostprocessing = 0;
		};
/* End PBXFrameworksBuildPhase section */

/* Begin PBXGroup section */
		611594C429953E7E00E9E557 /* Symbols */ = {
			isa = PBXGroup;
			children = (
				611594C529953E8E00E9E557 /* Infinity.swift */,
			);
			path = Symbols;
			sourceTree = "<group>";
		};
		611E3499299A5B2D005994E6 /* Safari */ = {
			isa = PBXGroup;
			children = (
				61A35DC6299A1B6800AEDEEB /* Dials.swift */,
				611E3497299A55E1005994E6 /* CompassNeedle.swift */,
				611E349B299A5BBB005994E6 /* SafariCompass.swift */,
				611E349D299A5FEA005994E6 /* FetchingView.swift */,
			);
			path = Safari;
			sourceTree = "<group>";
		};
		611E349A299A5B4A005994E6 /* Settings */ = {
			isa = PBXGroup;
			children = (
				61F81ED22997A4220048A903 /* GearPillar.swift */,
				613E0DE229953310005F77F3 /* SettingsGear.swift */,
				61189B6E29981E8100623605 /* LoadingView.swift */,
			);
			path = Settings;
			sourceTree = "<group>";
		};
		612C094A2991046D00247E0F /* Polygon */ = {
			isa = PBXGroup;
			children = (
				612C09482990F66700247E0F /* Pentagon.swift */,
				61DFD72B29918FDB0030971F /* Octagon.swift */,
				617017842991A3C200A1299E /* Hexagon.swift */,
			);
			path = Polygon;
			sourceTree = "<group>";
		};
		612C094B2991179300247E0F /* Landmarks */ = {
			isa = PBXGroup;
			children = (
				61B0165C299161F200CB820E /* Badges */,
			);
			path = Landmarks;
			sourceTree = "<group>";
		};
		613E0DE1299532E9005F77F3 /* Complex Views */ = {
			isa = PBXGroup;
			children = (
				611E349A299A5B4A005994E6 /* Settings */,
				611E3499299A5B2D005994E6 /* Safari */,
				61AFFB5A2996CFAB002A5A28 /* Gear.swift */,
			);
			path = "Complex Views";
			sourceTree = "<group>";
		};
		61ACD1D12986C83B00F9FFB9 = {
			isa = PBXGroup;
			children = (
				61ACD1DC2986C83B00F9FFB9 /* Shapes */,
				61ACD1DB2986C83B00F9FFB9 /* Products */,
			);
			sourceTree = "<group>";
		};
		61ACD1DB2986C83B00F9FFB9 /* Products */ = {
			isa = PBXGroup;
			children = (
				61ACD1DA2986C83B00F9FFB9 /* Shapes.app */,
			);
			name = Products;
			sourceTree = "<group>";
		};
		61ACD1DC2986C83B00F9FFB9 /* Shapes */ = {
			isa = PBXGroup;
			children = (
				611594C229953C5B00E9E557 /* Ring.swift */,
				611594C429953E7E00E9E557 /* Symbols */,
				613E0DE1299532E9005F77F3 /* Complex Views */,
				6191A14229943C3900AC9AA2 /* Schwastika.swift */,
				61DE5DBD2994121400CE1833 /* Polygram */,
				612C094B2991179300247E0F /* Landmarks */,
				612C094A2991046D00247E0F /* Polygon */,
				61FF285029903C26000B291C /* Card Shades */,
				61F9F860299013E100179EE1 /* Blobs.swift */,
				61FF285129903C3B000B291C /* UtilityExtensions.swift */,
				61ACD1DD2986C83B00F9FFB9 /* ShapesApp.swift */,
				61ACD1EE2986C8A000F9FFB9 /* ContentView.swift */,
				61ACD1EC2986C86700F9FFB9 /* Trapezoid.swift */,
				61ACD1E12986C83C00F9FFB9 /* Assets.xcassets */,
				61ACD1E32986C83C00F9FFB9 /* Shapes.entitlements */,
				61ACD1E42986C83C00F9FFB9 /* Preview Content */,
				6119F6612993DAE000DAC60F /* Star.swift */,
				61DE5DC029941B9800CE1833 /* Triangle.swift */,
				61DE5DC229942E1900CE1833 /* EquilateralTriangle.swift */,
			);
			path = Shapes;
			sourceTree = "<group>";
		};
		61ACD1E42986C83C00F9FFB9 /* Preview Content */ = {
			isa = PBXGroup;
			children = (
				61ACD1E52986C83C00F9FFB9 /* Preview Assets.xcassets */,
			);
			path = "Preview Content";
			sourceTree = "<group>";
		};
		61B0165C299161F200CB820E /* Badges */ = {
			isa = PBXGroup;
			children = (
				612C094C299117B900247E0F /* HexagonParameters.swift */,
				612C094E29911B4500247E0F /* BadgeBackground.swift */,
				61B01656299157B000CB820E /* BadgeSymbol.swift */,
				61B0165829915D1700CB820E /* RotatedBadgeSymbol.swift */,
				61B0165A29915E5800CB820E /* Badge.swift */,
			);
			path = Badges;
			sourceTree = "<group>";
		};
		61DE5DBD2994121400CE1833 /* Polygram */ = {
			isa = PBXGroup;
			children = (
				6191A1442994431100AC9AA2 /* Octagram.swift */,
				6128A6E82995008B003ED4FD /* Decagram.swift */,
				61DE5DBB2993F35500CE1833 /* Pentagram.swift */,
				61DE5DBE2994123B00CE1833 /* Hexagram.swift */,
				6128A6EA2995021F003ED4FD /* Dodecagram.swift */,
			);
			path = Polygram;
			sourceTree = "<group>";
		};
		61FF285029903C26000B291C /* Card Shades */ = {
			isa = PBXGroup;
			children = (
				61FF285329903E21000B291C /* Diamond.swift */,
				61FF2855299042B3000B291C /* Heart.swift */,
				61FF285729904509000B291C /* Spade.swift */,
				61FF285929904673000B291C /* Club.swift */,
			);
			path = "Card Shades";
			sourceTree = "<group>";
		};
/* End PBXGroup section */

/* Begin PBXNativeTarget section */
		61ACD1D92986C83B00F9FFB9 /* Shapes */ = {
			isa = PBXNativeTarget;
			buildConfigurationList = 61ACD1E92986C83C00F9FFB9 /* Build configuration list for PBXNativeTarget "Shapes" */;
			buildPhases = (
				61ACD1D62986C83B00F9FFB9 /* Sources */,
				61ACD1D72986C83B00F9FFB9 /* Frameworks */,
				61ACD1D82986C83B00F9FFB9 /* Resources */,
			);
			buildRules = (
			);
			dependencies = (
			);
			name = Shapes;
			productName = Shapes;
			productReference = 61ACD1DA2986C83B00F9FFB9 /* Shapes.app */;
			productType = "com.apple.product-type.application";
		};
/* End PBXNativeTarget section */

/* Begin PBXProject section */
		61ACD1D22986C83B00F9FFB9 /* Project object */ = {
			isa = PBXProject;
			attributes = {
				BuildIndependentTargetsInParallel = 1;
				LastSwiftUpdateCheck = 1400;
				LastUpgradeCheck = 1400;
				TargetAttributes = {
					61ACD1D92986C83B00F9FFB9 = {
						CreatedOnToolsVersion = 14.0.1;
					};
				};
			};
			buildConfigurationList = 61ACD1D52986C83B00F9FFB9 /* Build configuration list for PBXProject "Shapes" */;
			compatibilityVersion = "Xcode 14.0";
			developmentRegion = en;
			hasScannedForEncodings = 0;
			knownRegions = (
				en,
				Base,
			);
			mainGroup = 61ACD1D12986C83B00F9FFB9;
			productRefGroup = 61ACD1DB2986C83B00F9FFB9 /* Products */;
			projectDirPath = "";
			projectRoot = "";
			targets = (
				61ACD1D92986C83B00F9FFB9 /* Shapes */,
			);
		};
/* End PBXProject section */

/* Begin PBXResourcesBuildPhase section */
		61ACD1D82986C83B00F9FFB9 /* Resources */ = {
			isa = PBXResourcesBuildPhase;
			buildActionMask = 2147483647;
			files = (
				61ACD1E62986C83C00F9FFB9 /* Preview Assets.xcassets in Resources */,
				61ACD1E22986C83C00F9FFB9 /* Assets.xcassets in Resources */,
			);
			runOnlyForDeploymentPostprocessing = 0;
		};
/* End PBXResourcesBuildPhase section */

/* Begin PBXSourcesBuildPhase section */
		61ACD1D62986C83B00F9FFB9 /* Sources */ = {
			isa = PBXSourcesBuildPhase;
			buildActionMask = 2147483647;
			files = (
				61A35DC7299A1B6800AEDEEB /* Dials.swift in Sources */,
				61FF285429903E21000B291C /* Diamond.swift in Sources */,
				61B0165B29915E5800CB820E /* Badge.swift in Sources */,
				61DE5DBF2994123B00CE1833 /* Hexagram.swift in Sources */,
				61FF285A29904673000B291C /* Club.swift in Sources */,
				6191A14329943C3900AC9AA2 /* Schwastika.swift in Sources */,
				61189B6F29981E8100623605 /* LoadingView.swift in Sources */,
				61DE5DBC2993F35500CE1833 /* Pentagram.swift in Sources */,
				611E349E299A5FEA005994E6 /* FetchingView.swift in Sources */,
				61DFD72C29918FDB0030971F /* Octagon.swift in Sources */,
				6191A1452994431100AC9AA2 /* Octagram.swift in Sources */,
				61ACD1DE2986C83B00F9FFB9 /* ShapesApp.swift in Sources */,
				611594C329953C5B00E9E557 /* Ring.swift in Sources */,
				6128A6E92995008B003ED4FD /* Decagram.swift in Sources */,
				611594C629953E8E00E9E557 /* Infinity.swift in Sources */,
				612C09492990F66700247E0F /* Pentagon.swift in Sources */,
				612C094D299117B900247E0F /* HexagonParameters.swift in Sources */,
				61B0165929915D1700CB820E /* RotatedBadgeSymbol.swift in Sources */,
				61B01657299157B000CB820E /* BadgeSymbol.swift in Sources */,
				6128A6EB2995021F003ED4FD /* Dodecagram.swift in Sources */,
				6119F6622993DAE000DAC60F /* Star.swift in Sources */,
				61DE5DC129941B9800CE1833 /* Triangle.swift in Sources */,
				61F9F861299013E100179EE1 /* Blobs.swift in Sources */,
				611E3498299A55E1005994E6 /* CompassNeedle.swift in Sources */,
				61F81ED32997A4220048A903 /* GearPillar.swift in Sources */,
				61FF285829904509000B291C /* Spade.swift in Sources */,
				617017852991A3C200A1299E /* Hexagon.swift in Sources */,
				613E0DE329953310005F77F3 /* SettingsGear.swift in Sources */,
				612C094F29911B4500247E0F /* BadgeBackground.swift in Sources */,
				61ACD1ED2986C86700F9FFB9 /* Trapezoid.swift in Sources */,
				61FF285229903C3B000B291C /* UtilityExtensions.swift in Sources */,
				61AFFB5B2996CFAB002A5A28 /* Gear.swift in Sources */,
				61DE5DC329942E1900CE1833 /* EquilateralTriangle.swift in Sources */,
				61FF2856299042B3000B291C /* Heart.swift in Sources */,
				611E349C299A5BBB005994E6 /* SafariCompass.swift in Sources */,
				61ACD1EF2986C8A000F9FFB9 /* ContentView.swift in Sources */,
			);
			runOnlyForDeploymentPostprocessing = 0;
		};
/* End PBXSourcesBuildPhase section */

/* Begin XCBuildConfiguration section */
		61ACD1E72986C83C00F9FFB9 /* Debug */ = {
			isa = XCBuildConfiguration;
			buildSettings = {
				ALWAYS_SEARCH_USER_PATHS = NO;
				CLANG_ANALYZER_NONNULL = YES;
				CLANG_ANALYZER_NUMBER_OBJECT_CONVERSION = YES_AGGRESSIVE;
				CLANG_CXX_LANGUAGE_STANDARD = "gnu++20";
				CLANG_ENABLE_MODULES = YES;
				CLANG_ENABLE_OBJC_ARC = YES;
				CLANG_ENABLE_OBJC_WEAK = YES;
				CLANG_WARN_BLOCK_CAPTURE_AUTORELEASING = YES;
				CLANG_WARN_BOOL_CONVERSION = YES;
				CLANG_WARN_COMMA = YES;
				CLANG_WARN_CONSTANT_CONVERSION = YES;
				CLANG_WARN_DEPRECATED_OBJC_IMPLEMENTATIONS = YES;
				CLANG_WARN_DIRECT_OBJC_ISA_USAGE = YES_ERROR;
				CLANG_WARN_DOCUMENTATION_COMMENTS = YES;
				CLANG_WARN_EMPTY_BODY = YES;
				CLANG_WARN_ENUM_CONVERSION = YES;
				CLANG_WARN_INFINITE_RECURSION = YES;
				CLANG_WARN_INT_CONVERSION = YES;
				CLANG_WARN_NON_LITERAL_NULL_CONVERSION = YES;
				CLANG_WARN_OBJC_IMPLICIT_RETAIN_SELF = YES;
				CLANG_WARN_OBJC_LITERAL_CONVERSION = YES;
				CLANG_WARN_OBJC_ROOT_CLASS = YES_ERROR;
				CLANG_WARN_QUOTED_INCLUDE_IN_FRAMEWORK_HEADER = YES;
				CLANG_WARN_RANGE_LOOP_ANALYSIS = YES;
				CLANG_WARN_STRICT_PROTOTYPES = YES;
				CLANG_WARN_SUSPICIOUS_MOVE = YES;
				CLANG_WARN_UNGUARDED_AVAILABILITY = YES_AGGRESSIVE;
				CLANG_WARN_UNREACHABLE_CODE = YES;
				CLANG_WARN__DUPLICATE_METHOD_MATCH = YES;
				COPY_PHASE_STRIP = NO;
				DEBUG_INFORMATION_FORMAT = dwarf;
				ENABLE_STRICT_OBJC_MSGSEND = YES;
				ENABLE_TESTABILITY = YES;
				GCC_C_LANGUAGE_STANDARD = gnu11;
				GCC_DYNAMIC_NO_PIC = NO;
				GCC_NO_COMMON_BLOCKS = YES;
				GCC_OPTIMIZATION_LEVEL = 0;
				GCC_PREPROCESSOR_DEFINITIONS = (
					"DEBUG=1",
					"$(inherited)",
				);
				GCC_WARN_64_TO_32_BIT_CONVERSION = YES;
				GCC_WARN_ABOUT_RETURN_TYPE = YES_ERROR;
				GCC_WARN_UNDECLARED_SELECTOR = YES;
				GCC_WARN_UNINITIALIZED_AUTOS = YES_AGGRESSIVE;
				GCC_WARN_UNUSED_FUNCTION = YES;
				GCC_WARN_UNUSED_VARIABLE = YES;
				MTL_ENABLE_DEBUG_INFO = INCLUDE_SOURCE;
				MTL_FAST_MATH = YES;
				ONLY_ACTIVE_ARCH = YES;
				SWIFT_ACTIVE_COMPILATION_CONDITIONS = DEBUG;
				SWIFT_OPTIMIZATION_LEVEL = "-Onone";
			};
			name = Debug;
		};
		61ACD1E82986C83C00F9FFB9 /* Release */ = {
			isa = XCBuildConfiguration;
			buildSettings = {
				ALWAYS_SEARCH_USER_PATHS = NO;
				CLANG_ANALYZER_NONNULL = YES;
				CLANG_ANALYZER_NUMBER_OBJECT_CONVERSION = YES_AGGRESSIVE;
				CLANG_CXX_LANGUAGE_STANDARD = "gnu++20";
				CLANG_ENABLE_MODULES = YES;
				CLANG_ENABLE_OBJC_ARC = YES;
				CLANG_ENABLE_OBJC_WEAK = YES;
				CLANG_WARN_BLOCK_CAPTURE_AUTORELEASING = YES;
				CLANG_WARN_BOOL_CONVERSION = YES;
				CLANG_WARN_COMMA = YES;
				CLANG_WARN_CONSTANT_CONVERSION = YES;
				CLANG_WARN_DEPRECATED_OBJC_IMPLEMENTATIONS = YES;
				CLANG_WARN_DIRECT_OBJC_ISA_USAGE = YES_ERROR;
				CLANG_WARN_DOCUMENTATION_COMMENTS = YES;
				CLANG_WARN_EMPTY_BODY = YES;
				CLANG_WARN_ENUM_CONVERSION = YES;
				CLANG_WARN_INFINITE_RECURSION = YES;
				CLANG_WARN_INT_CONVERSION = YES;
				CLANG_WARN_NON_LITERAL_NULL_CONVERSION = YES;
				CLANG_WARN_OBJC_IMPLICIT_RETAIN_SELF = YES;
				CLANG_WARN_OBJC_LITERAL_CONVERSION = YES;
				CLANG_WARN_OBJC_ROOT_CLASS = YES_ERROR;
				CLANG_WARN_QUOTED_INCLUDE_IN_FRAMEWORK_HEADER = YES;
				CLANG_WARN_RANGE_LOOP_ANALYSIS = YES;
				CLANG_WARN_STRICT_PROTOTYPES = YES;
				CLANG_WARN_SUSPICIOUS_MOVE = YES;
				CLANG_WARN_UNGUARDED_AVAILABILITY = YES_AGGRESSIVE;
				CLANG_WARN_UNREACHABLE_CODE = YES;
				CLANG_WARN__DUPLICATE_METHOD_MATCH = YES;
				COPY_PHASE_STRIP = NO;
				DEBUG_INFORMATION_FORMAT = "dwarf-with-dsym";
				ENABLE_NS_ASSERTIONS = NO;
				ENABLE_STRICT_OBJC_MSGSEND = YES;
				GCC_C_LANGUAGE_STANDARD = gnu11;
				GCC_NO_COMMON_BLOCKS = YES;
				GCC_WARN_64_TO_32_BIT_CONVERSION = YES;
				GCC_WARN_ABOUT_RETURN_TYPE = YES_ERROR;
				GCC_WARN_UNDECLARED_SELECTOR = YES;
				GCC_WARN_UNINITIALIZED_AUTOS = YES_AGGRESSIVE;
				GCC_WARN_UNUSED_FUNCTION = YES;
				GCC_WARN_UNUSED_VARIABLE = YES;
				MTL_ENABLE_DEBUG_INFO = NO;
				MTL_FAST_MATH = YES;
				SWIFT_COMPILATION_MODE = wholemodule;
				SWIFT_OPTIMIZATION_LEVEL = "-O";
			};
			name = Release;
		};
		61ACD1EA2986C83C00F9FFB9 /* Debug */ = {
			isa = XCBuildConfiguration;
			buildSettings = {
				ASSETCATALOG_COMPILER_APPICON_NAME = AppIcon;
				ASSETCATALOG_COMPILER_GLOBAL_ACCENT_COLOR_NAME = AccentColor;
				CODE_SIGN_ENTITLEMENTS = Shapes/Shapes.entitlements;
				CODE_SIGN_STYLE = Automatic;
				CURRENT_PROJECT_VERSION = 1;
				DEVELOPMENT_ASSET_PATHS = "\"Shapes/Preview Content\"";
				DEVELOPMENT_TEAM = 9JF99T9A6L;
				ENABLE_HARDENED_RUNTIME = YES;
				ENABLE_PREVIEWS = YES;
				GENERATE_INFOPLIST_FILE = YES;
				"INFOPLIST_KEY_UIApplicationSceneManifest_Generation[sdk=iphoneos*]" = YES;
				"INFOPLIST_KEY_UIApplicationSceneManifest_Generation[sdk=iphonesimulator*]" = YES;
				"INFOPLIST_KEY_UIApplicationSupportsIndirectInputEvents[sdk=iphoneos*]" = YES;
				"INFOPLIST_KEY_UIApplicationSupportsIndirectInputEvents[sdk=iphonesimulator*]" = YES;
				"INFOPLIST_KEY_UILaunchScreen_Generation[sdk=iphoneos*]" = YES;
				"INFOPLIST_KEY_UILaunchScreen_Generation[sdk=iphonesimulator*]" = YES;
				"INFOPLIST_KEY_UIStatusBarStyle[sdk=iphoneos*]" = UIStatusBarStyleDefault;
				"INFOPLIST_KEY_UIStatusBarStyle[sdk=iphonesimulator*]" = UIStatusBarStyleDefault;
				INFOPLIST_KEY_UISupportedInterfaceOrientations_iPad = "UIInterfaceOrientationPortrait UIInterfaceOrientationPortraitUpsideDown UIInterfaceOrientationLandscapeLeft UIInterfaceOrientationLandscapeRight";
				INFOPLIST_KEY_UISupportedInterfaceOrientations_iPhone = "UIInterfaceOrientationPortrait UIInterfaceOrientationLandscapeLeft UIInterfaceOrientationLandscapeRight";
				IPHONEOS_DEPLOYMENT_TARGET = 16.0;
				LD_RUNPATH_SEARCH_PATHS = "@executable_path/Frameworks";
				"LD_RUNPATH_SEARCH_PATHS[sdk=macosx*]" = "@executable_path/../Frameworks";
				MACOSX_DEPLOYMENT_TARGET = 12.3;
				MARKETING_VERSION = 1.0;
				PRODUCT_BUNDLE_IDENTIFIER = com.stanford.cs193p.Shapes;
				PRODUCT_NAME = "$(TARGET_NAME)";
				SDKROOT = auto;
				SUPPORTED_PLATFORMS = "iphoneos iphonesimulator macosx";
				SWIFT_EMIT_LOC_STRINGS = YES;
				SWIFT_VERSION = 5.0;
				TARGETED_DEVICE_FAMILY = "1,2";
			};
			name = Debug;
		};
		61ACD1EB2986C83C00F9FFB9 /* Release */ = {
			isa = XCBuildConfiguration;
			buildSettings = {
				ASSETCATALOG_COMPILER_APPICON_NAME = AppIcon;
				ASSETCATALOG_COMPILER_GLOBAL_ACCENT_COLOR_NAME = AccentColor;
				CODE_SIGN_ENTITLEMENTS = Shapes/Shapes.entitlements;
				CODE_SIGN_STYLE = Automatic;
				CURRENT_PROJECT_VERSION = 1;
				DEVELOPMENT_ASSET_PATHS = "\"Shapes/Preview Content\"";
				DEVELOPMENT_TEAM = 9JF99T9A6L;
				ENABLE_HARDENED_RUNTIME = YES;
				ENABLE_PREVIEWS = YES;
				GENERATE_INFOPLIST_FILE = YES;
				"INFOPLIST_KEY_UIApplicationSceneManifest_Generation[sdk=iphoneos*]" = YES;
				"INFOPLIST_KEY_UIApplicationSceneManifest_Generation[sdk=iphonesimulator*]" = YES;
				"INFOPLIST_KEY_UIApplicationSupportsIndirectInputEvents[sdk=iphoneos*]" = YES;
				"INFOPLIST_KEY_UIApplicationSupportsIndirectInputEvents[sdk=iphonesimulator*]" = YES;
				"INFOPLIST_KEY_UILaunchScreen_Generation[sdk=iphoneos*]" = YES;
				"INFOPLIST_KEY_UILaunchScreen_Generation[sdk=iphonesimulator*]" = YES;
				"INFOPLIST_KEY_UIStatusBarStyle[sdk=iphoneos*]" = UIStatusBarStyleDefault;
				"INFOPLIST_KEY_UIStatusBarStyle[sdk=iphonesimulator*]" = UIStatusBarStyleDefault;
				INFOPLIST_KEY_UISupportedInterfaceOrientations_iPad = "UIInterfaceOrientationPortrait UIInterfaceOrientationPortraitUpsideDown UIInterfaceOrientationLandscapeLeft UIInterfaceOrientationLandscapeRight";
				INFOPLIST_KEY_UISupportedInterfaceOrientations_iPhone = "UIInterfaceOrientationPortrait UIInterfaceOrientationLandscapeLeft UIInterfaceOrientationLandscapeRight";
				IPHONEOS_DEPLOYMENT_TARGET = 16.0;
				LD_RUNPATH_SEARCH_PATHS = "@executable_path/Frameworks";
				"LD_RUNPATH_SEARCH_PATHS[sdk=macosx*]" = "@executable_path/../Frameworks";
				MACOSX_DEPLOYMENT_TARGET = 12.3;
				MARKETING_VERSION = 1.0;
				PRODUCT_BUNDLE_IDENTIFIER = com.stanford.cs193p.Shapes;
				PRODUCT_NAME = "$(TARGET_NAME)";
				SDKROOT = auto;
				SUPPORTED_PLATFORMS = "iphoneos iphonesimulator macosx";
				SWIFT_EMIT_LOC_STRINGS = YES;
				SWIFT_VERSION = 5.0;
				TARGETED_DEVICE_FAMILY = "1,2";
			};
			name = Release;
		};
/* End XCBuildConfiguration section */

/* Begin XCConfigurationList section */
		61ACD1D52986C83B00F9FFB9 /* Build configuration list for PBXProject "Shapes" */ = {
			isa = XCConfigurationList;
			buildConfigurations = (
				61ACD1E72986C83C00F9FFB9 /* Debug */,
				61ACD1E82986C83C00F9FFB9 /* Release */,
			);
			defaultConfigurationIsVisible = 0;
			defaultConfigurationName = Release;
		};
		61ACD1E92986C83C00F9FFB9 /* Build configuration list for PBXNativeTarget "Shapes" */ = {
			isa = XCConfigurationList;
			buildConfigurations = (
				61ACD1EA2986C83C00F9FFB9 /* Debug */,
				61ACD1EB2986C83C00F9FFB9 /* Release */,
			);
			defaultConfigurationIsVisible = 0;
			defaultConfigurationName = Release;
		};
/* End XCConfigurationList section */
	};
	rootObject = 61ACD1D22986C83B00F9FFB9 /* Project object */;
}
